{
    "version": 3,
    "terraform_version": "0.11.3",
    "serial": 2,
    "lineage": "80610b22-09a4-4498-9fdd-f7307a420bcd",
    "modules": [
        {
            "path": [
                "root"
            ],
            "outputs": {},
            "resources": {
                "aws_instance.socks_front": {
                    "type": "aws_instance",
                    "depends_on": [],
                    "primary": {
                        "id": "i-0eb8d6dda504a184a",
                        "attributes": {
                            "ami": "ami-038d5d718683c3809",
                            "associate_public_ip_address": "true",
                            "availability_zone": "us-east-1c",
                            "disable_api_termination": "false",
                            "ebs_block_device.#": "0",
                            "ebs_optimized": "false",
                            "ephemeral_block_device.#": "0",
                            "get_password_data": "false",
                            "iam_instance_profile": "",
                            "id": "i-0eb8d6dda504a184a",
                            "instance_state": "running",
                            "instance_type": "t2.micro",
                            "ipv6_addresses.#": "0",
                            "key_name": "",
                            "monitoring": "false",
                            "network_interface.#": "0",
                            "network_interface_id": "eni-0badba83dbe565477",
                            "password_data": "",
                            "placement_group": "",
                            "primary_network_interface_id": "eni-0badba83dbe565477",
                            "private_dns": "ip-172-31-80-32.ec2.internal",
                            "private_ip": "172.31.80.32",
                            "public_dns": "ec2-54-210-69-244.compute-1.amazonaws.com",
                            "public_ip": "54.210.69.244",
                            "root_block_device.#": "1",
                            "root_block_device.0.delete_on_termination": "true",
                            "root_block_device.0.iops": "100",
                            "root_block_device.0.volume_id": "vol-03d47cda420ce16ec",
                            "root_block_device.0.volume_size": "8",
                            "root_block_device.0.volume_type": "gp2",
                            "security_groups.#": "1",
                            "security_groups.3814588639": "default",
                            "source_dest_check": "true",
                            "subnet_id": "subnet-7081bd5f",
                            "tags.%": "0",
                            "tenancy": "default",
                            "volume_tags.%": "0",
                            "vpc_security_group_ids.#": "1",
                            "vpc_security_group_ids.2627019405": "sg-86d281f0"
                        },
                        "meta": {
                            "e2bfb730-ecaa-11e6-8f88-34363bc7c4c0": {
                                "create": 600000000000,
                                "delete": 1200000000000,
                                "update": 600000000000
                            },
                            "schema_version": "1"
                        },
                        "tainted": false
                    },
                    "deposed": [],
                    "provider": "provider.aws"
                }
            },
            "depends_on": []
        }
    ]
}
